
Microsoft Visual Studio Solution File, Format Version 12.00
# Visual Studio Version 17
VisualStudioVersion = 17.6.33815.320
MinimumVisualStudioVersion = 10.0.40219.1
Project("{FAE04EC0-301F-11D3-BF4B-00C04F79EFBC}") = "Test", "Test.csproj", "{96015819-E895-4ED6-A8D4-46EFF71F947D}"
EndProject
Global
	GlobalSection(SolutionConfigurationPlatforms) = preSolution
		Debug|Any CPU = Debug|Any CPU
		Release|Any CPU = Release|Any CPU
	EndGlobalSection
	GlobalSection(ProjectConfigurationPlatforms) = postSolution
		{96015819-E895-4ED6-A8D4-46EFF71F947D}.Debug|Any CPU.ActiveCfg = Debug|Any CPU
		{96015819-E895-4ED6-A8D4-46EFF71F947D}.Debug|Any CPU.Build.0 = Debug|Any CPU
		{96015819-E895-4ED6-A8D4-46EFF71F947D}.Release|Any CPU.ActiveCfg = Release|Any CPU
		{96015819-E895-4ED6-A8D4-46EFF71F947D}.Release|Any CPU.Build.0 = Release|Any CPU
	EndGlobalSection
	GlobalSection(SolutionProperties) = preSolution
		HideSolutionNode = FALSE
	EndGlobalSection
	GlobalSection(ExtensibilityGlobals) = postSolution
		SolutionGuid = {FC424403-8BFC-49E6-973B-76F72C1A431E}
	EndGlobalSection
EndGlobal
